<?xml version="1.0" encoding="UTF-8"?>
<!DOCTYPE plist PUBLIC "-//Apple//DTD PLIST 1.0//EN" "http://www.apple.com/DTDs/PropertyList-1.0.dtd">
<plist version="1.0">
<dict>
	<key>archiveVersion</key>
	<string>1</string>
	<key>classes</key>
	<dict/>
	<key>objectVersion</key>
	<string>46</string>
	<key>objects</key>
	<dict>
		<key>49DE1136CCC14765A030B4D1</key>
		<dict>
			<key>buildActionMask</key>
			<string>2147483647</string>
			<key>files</key>
			<array/>
			<key>inputPaths</key>
			<array/>
			<key>isa</key>
			<string>PBXShellScriptBuildPhase</string>
			<key>name</key>
			<string>Copy Pods Resources</string>
			<key>outputPaths</key>
			<array/>
			<key>runOnlyForDeploymentPostprocessing</key>
			<string>0</string>
			<key>shellPath</key>
			<string>/bin/sh</string>
			<key>shellScript</key>
			<string>"${SRCROOT}/Pods/Pods-resources.sh"
</string>
			<key>showEnvVarsInLog</key>
			<string>1</string>
		</dict>
		<key>4BF1FF34E5B1467496F2A30D</key>
		<dict>
			<key>buildActionMask</key>
			<string>2147483647</string>
			<key>files</key>
			<array/>
			<key>inputPaths</key>
			<array/>
			<key>isa</key>
			<string>PBXShellScriptBuildPhase</string>
			<key>name</key>
			<string>Check Pods Manifest.lock</string>
			<key>outputPaths</key>
			<array/>
			<key>runOnlyForDeploymentPostprocessing</key>
			<string>0</string>
			<key>shellPath</key>
			<string>/bin/sh</string>
			<key>shellScript</key>
			<string>diff "${PODS_ROOT}/../Podfile.lock" "${PODS_ROOT}/Manifest.lock" &gt; /dev/null
if [[ $? != 0 ]] ; then
    cat &lt;&lt; EOM
error: The sandbox is not in sync with the Podfile.lock. Run 'pod install' or update your CocoaPods installation.
EOM
    exit 1
fi
</string>
			<key>showEnvVarsInLog</key>
			<string>1</string>
		</dict>
		<key>620924253EA84CBB96D7F77A</key>
		<dict>
			<key>fileRef</key>
			<string>C892C48969244AA4B0F4CDA0</string>
			<key>isa</key>
			<string>PBXBuildFile</string>
			<key>settings</key>
			<dict/>
		</dict>
		<key>6505EBAA177B4416002D7428</key>
		<dict>
			<key>fileEncoding</key>
			<string>4</string>
			<key>isa</key>
			<string>PBXFileReference</string>
			<key>lastKnownFileType</key>
			<string>text</string>
			<key>path</key>
			<string>calendario.csv</string>
			<key>sourceTree</key>
			<string>&lt;group&gt;</string>
		</dict>
		<key>6505EBAB177B4416002D7428</key>
		<dict>
			<key>fileRef</key>
			<string>6505EBAA177B4416002D7428</string>
			<key>isa</key>
			<string>PBXBuildFile</string>
		</dict>
		<key>6505EBAC177C5F3A002D7428</key>
		<dict>
			<key>fileEncoding</key>
			<string>4</string>
			<key>isa</key>
			<string>PBXFileReference</string>
			<key>lastKnownFileType</key>
			<string>sourcecode.c.h</string>
			<key>path</key>
			<string>NSDate+iso8601.h</string>
			<key>sourceTree</key>
			<string>&lt;group&gt;</string>
		</dict>
		<key>6505EBAD177C5F3A002D7428</key>
		<dict>
			<key>fileEncoding</key>
			<string>4</string>
			<key>isa</key>
			<string>PBXFileReference</string>
			<key>lastKnownFileType</key>
			<string>sourcecode.c.objc</string>
			<key>path</key>
			<string>NSDate+iso8601.m</string>
			<key>sourceTree</key>
			<string>&lt;group&gt;</string>
		</dict>
		<key>6505EBAE177C5F3A002D7428</key>
		<dict>
			<key>fileRef</key>
			<string>6505EBAD177C5F3A002D7428</string>
			<key>isa</key>
			<string>PBXBuildFile</string>
		</dict>
		<key>6505EBD5177DB315002D7428</key>
		<dict>
			<key>isa</key>
			<string>PBXFileReference</string>
			<key>lastKnownFileType</key>
			<string>image.png</string>
			<key>path</key>
			<string>Default.png</string>
			<key>sourceTree</key>
			<string>&lt;group&gt;</string>
		</dict>
		<key>6505EBD6177DB316002D7428</key>
		<dict>
			<key>fileRef</key>
			<string>6505EBD5177DB315002D7428</string>
			<key>isa</key>
			<string>PBXBuildFile</string>
		</dict>
		<key>6505EBD7177DB31B002D7428</key>
		<dict>
			<key>isa</key>
			<string>PBXFileReference</string>
			<key>lastKnownFileType</key>
			<string>image.png</string>
			<key>path</key>
			<string>Default@2x.png</string>
			<key>sourceTree</key>
			<string>&lt;group&gt;</string>
		</dict>
		<key>6505EBD8177DB31B002D7428</key>
		<dict>
			<key>fileRef</key>
			<string>6505EBD7177DB31B002D7428</string>
			<key>isa</key>
			<string>PBXBuildFile</string>
		</dict>
		<key>6505EBD9177DB324002D7428</key>
		<dict>
			<key>isa</key>
			<string>PBXFileReference</string>
			<key>lastKnownFileType</key>
			<string>image.png</string>
			<key>path</key>
			<string>Default-568h@2x.png</string>
			<key>sourceTree</key>
			<string>&lt;group&gt;</string>
		</dict>
		<key>6505EBDA177DB324002D7428</key>
		<dict>
			<key>fileRef</key>
			<string>6505EBD9177DB324002D7428</string>
			<key>isa</key>
			<string>PBXBuildFile</string>
		</dict>
		<key>650DCACA177708020004C4DE</key>
		<dict>
			<key>fileEncoding</key>
			<string>4</string>
			<key>isa</key>
			<string>PBXFileReference</string>
			<key>lastKnownFileType</key>
			<string>sourcecode.c.h</string>
			<key>path</key>
			<string>AFParser.h</string>
			<key>sourceTree</key>
			<string>&lt;group&gt;</string>
		</dict>
		<key>650DCACB177708020004C4DE</key>
		<dict>
			<key>fileEncoding</key>
			<string>4</string>
			<key>isa</key>
			<string>PBXFileReference</string>
			<key>lastKnownFileType</key>
			<string>sourcecode.c.objc</string>
			<key>path</key>
			<string>AFParser.m</string>
			<key>sourceTree</key>
			<string>&lt;group&gt;</string>
		</dict>
		<key>650DCACC177708020004C4DE</key>
		<dict>
			<key>fileRef</key>
			<string>650DCACB177708020004C4DE</string>
			<key>isa</key>
			<string>PBXBuildFile</string>
		</dict>
		<key>650DCACD177742C00004C4DE</key>
		<dict>
			<key>fileEncoding</key>
			<string>4</string>
			<key>isa</key>
			<string>PBXFileReference</string>
			<key>lastKnownFileType</key>
			<string>sourcecode.c.h</string>
			<key>path</key>
			<string>AFDay.h</string>
			<key>sourceTree</key>
			<string>&lt;group&gt;</string>
		</dict>
		<key>650DCACE177742C00004C4DE</key>
		<dict>
			<key>fileEncoding</key>
			<string>4</string>
			<key>isa</key>
			<string>PBXFileReference</string>
			<key>lastKnownFileType</key>
			<string>sourcecode.c.objc</string>
			<key>path</key>
			<string>AFDay.m</string>
			<key>sourceTree</key>
			<string>&lt;group&gt;</string>
		</dict>
		<key>650DCACF177742C00004C4DE</key>
		<dict>
			<key>fileRef</key>
			<string>650DCACE177742C00004C4DE</string>
			<key>isa</key>
			<string>PBXBuildFile</string>
		</dict>
		<key>65207E131778EBDE006255D4</key>
		<dict>
			<key>isa</key>
			<string>PBXFileReference</string>
			<key>lastKnownFileType</key>
			<string>image.png</string>
			<key>path</key>
			<string>recycle.png</string>
			<key>sourceTree</key>
			<string>&lt;group&gt;</string>
		</dict>
		<key>65207E141778EBDE006255D4</key>
		<dict>
			<key>fileRef</key>
			<string>65207E131778EBDE006255D4</string>
			<key>isa</key>
			<string>PBXBuildFile</string>
		</dict>
		<key>65207E15177972A0006255D4</key>
		<dict>
			<key>isa</key>
			<string>PBXFileReference</string>
			<key>lastKnownFileType</key>
			<string>image.png</string>
			<key>path</key>
			<string>recycle@2x.png</string>
			<key>sourceTree</key>
			<string>&lt;group&gt;</string>
		</dict>
		<key>65207E16177972A0006255D4</key>
		<dict>
			<key>fileRef</key>
			<string>65207E15177972A0006255D4</string>
			<key>isa</key>
			<string>PBXBuildFile</string>
		</dict>
		<key>654A3969177645A700D0F06D</key>
		<dict>
			<key>children</key>
			<array>
				<string>6505EBD9177DB324002D7428</string>
				<string>6505EBD7177DB31B002D7428</string>
				<string>6505EBD5177DB315002D7428</string>
				<string>654A39B1177645F400D0F06D</string>
				<string>65207E15177972A0006255D4</string>
				<string>65207E131778EBDE006255D4</string>
				<string>654A397B177645A700D0F06D</string>
				<string>654A399F177645A800D0F06D</string>
				<string>654A3974177645A700D0F06D</string>
				<string>654A3973177645A700D0F06D</string>
				<string>8B542C4968A54FDCB492DFA2</string>
			</array>
			<key>isa</key>
			<string>PBXGroup</string>
			<key>sourceTree</key>
			<string>&lt;group&gt;</string>
		</dict>
		<key>654A396A177645A700D0F06D</key>
		<dict>
			<key>attributes</key>
			<dict>
				<key>CLASSPREFIX</key>
				<string>AF</string>
				<key>LastUpgradeCheck</key>
				<string>0460</string>
				<key>ORGANIZATIONNAME</key>
				<string>Andrea Francia</string>
			</dict>
			<key>buildConfigurationList</key>
			<string>654A396D177645A700D0F06D</string>
			<key>compatibilityVersion</key>
			<string>Xcode 3.2</string>
			<key>developmentRegion</key>
			<string>English</string>
			<key>hasScannedForEncodings</key>
			<string>0</string>
			<key>isa</key>
			<string>PBXProject</string>
			<key>knownRegions</key>
			<array>
				<string>en</string>
			</array>
			<key>mainGroup</key>
			<string>654A3969177645A700D0F06D</string>
			<key>productRefGroup</key>
			<string>654A3973177645A700D0F06D</string>
			<key>projectDirPath</key>
			<string></string>
			<key>projectReferences</key>
			<array/>
			<key>projectRoot</key>
			<string></string>
			<key>targets</key>
			<array>
				<string>654A3971177645A700D0F06D</string>
				<string>654A3997177645A800D0F06D</string>
			</array>
		</dict>
		<key>654A396D177645A700D0F06D</key>
		<dict>
			<key>buildConfigurations</key>
			<array>
				<string>654A39A8177645A800D0F06D</string>
				<string>654A39A9177645A800D0F06D</string>
			</array>
			<key>defaultConfigurationIsVisible</key>
			<string>0</string>
			<key>defaultConfigurationName</key>
			<string>Release</string>
			<key>isa</key>
			<string>XCConfigurationList</string>
		</dict>
		<key>654A396E177645A700D0F06D</key>
		<dict>
			<key>buildActionMask</key>
			<string>2147483647</string>
			<key>files</key>
			<array>
				<string>65CB4CD417764DE2003C8D42</string>
				<string>654A3982177645A700D0F06D</string>
				<string>654A3986177645A700D0F06D</string>
				<string>654A398F177645A800D0F06D</string>
				<string>650DCACC177708020004C4DE</string>
				<string>650DCACF177742C00004C4DE</string>
				<string>65DAD5CD17778C840011D95E</string>
				<string>6505EBAE177C5F3A002D7428</string>
			</array>
			<key>isa</key>
			<string>PBXSourcesBuildPhase</string>
			<key>runOnlyForDeploymentPostprocessing</key>
			<string>0</string>
		</dict>
		<key>654A396F177645A700D0F06D</key>
		<dict>
			<key>buildActionMask</key>
			<string>2147483647</string>
			<key>files</key>
			<array>
				<string>654A3976177645A700D0F06D</string>
				<string>654A3978177645A700D0F06D</string>
				<string>654A397A177645A700D0F06D</string>
				<string>620924253EA84CBB96D7F77A</string>
			</array>
			<key>isa</key>
			<string>PBXFrameworksBuildPhase</string>
			<key>runOnlyForDeploymentPostprocessing</key>
			<string>0</string>
		</dict>
		<key>654A3970177645A700D0F06D</key>
		<dict>
			<key>buildActionMask</key>
			<string>2147483647</string>
			<key>files</key>
			<array>
				<string>654A3980177645A700D0F06D</string>
				<string>654A3988177645A800D0F06D</string>
				<string>654A398A177645A800D0F06D</string>
				<string>654A398C177645A800D0F06D</string>
				<string>654A3992177645A800D0F06D</string>
				<string>654A39B3177645F400D0F06D</string>
				<string>65DAD5D21777902D0011D95E</string>
				<string>65207E141778EBDE006255D4</string>
				<string>65207E16177972A0006255D4</string>
				<string>6505EBAB177B4416002D7428</string>
				<string>6505EBD6177DB316002D7428</string>
				<string>6505EBD8177DB31B002D7428</string>
				<string>6505EBDA177DB324002D7428</string>
			</array>
			<key>isa</key>
			<string>PBXResourcesBuildPhase</string>
			<key>runOnlyForDeploymentPostprocessing</key>
			<string>0</string>
		</dict>
		<key>654A3971177645A700D0F06D</key>
		<dict>
			<key>buildConfigurationList</key>
			<string>654A39AA177645A800D0F06D</string>
			<key>buildPhases</key>
			<array>
				<string>4BF1FF34E5B1467496F2A30D</string>
				<string>654A396E177645A700D0F06D</string>
				<string>654A396F177645A700D0F06D</string>
				<string>654A3970177645A700D0F06D</string>
				<string>49DE1136CCC14765A030B4D1</string>
			</array>
			<key>buildRules</key>
			<array/>
			<key>dependencies</key>
			<array/>
			<key>isa</key>
			<string>PBXNativeTarget</string>
			<key>name</key>
			<string>Differenziata</string>
			<key>productName</key>
			<string>Differenziata</string>
			<key>productReference</key>
			<string>654A3972177645A700D0F06D</string>
			<key>productType</key>
			<string>com.apple.product-type.application</string>
		</dict>
		<key>654A3972177645A700D0F06D</key>
		<dict>
			<key>explicitFileType</key>
			<string>wrapper.application</string>
			<key>includeInIndex</key>
			<string>0</string>
			<key>isa</key>
			<string>PBXFileReference</string>
			<key>path</key>
			<string>Differenziata.app</string>
			<key>sourceTree</key>
			<string>BUILT_PRODUCTS_DIR</string>
		</dict>
		<key>654A3973177645A700D0F06D</key>
		<dict>
			<key>children</key>
			<array>
				<string>654A3972177645A700D0F06D</string>
				<string>654A3998177645A800D0F06D</string>
			</array>
			<key>isa</key>
			<string>PBXGroup</string>
			<key>name</key>
			<string>Products</string>
			<key>sourceTree</key>
			<string>&lt;group&gt;</string>
		</dict>
		<key>654A3974177645A700D0F06D</key>
		<dict>
			<key>children</key>
			<array>
				<string>654A3975177645A700D0F06D</string>
				<string>654A3977177645A700D0F06D</string>
				<string>654A3979177645A700D0F06D</string>
				<string>654A3999177645A800D0F06D</string>
				<string>C892C48969244AA4B0F4CDA0</string>
			</array>
			<key>isa</key>
			<string>PBXGroup</string>
			<key>name</key>
			<string>Frameworks</string>
			<key>sourceTree</key>
			<string>&lt;group&gt;</string>
		</dict>
		<key>654A3975177645A700D0F06D</key>
		<dict>
			<key>isa</key>
			<string>PBXFileReference</string>
			<key>lastKnownFileType</key>
			<string>wrapper.framework</string>
			<key>name</key>
			<string>UIKit.framework</string>
			<key>path</key>
			<string>System/Library/Frameworks/UIKit.framework</string>
			<key>sourceTree</key>
			<string>SDKROOT</string>
		</dict>
		<key>654A3976177645A700D0F06D</key>
		<dict>
			<key>fileRef</key>
			<string>654A3975177645A700D0F06D</string>
			<key>isa</key>
			<string>PBXBuildFile</string>
		</dict>
		<key>654A3977177645A700D0F06D</key>
		<dict>
			<key>isa</key>
			<string>PBXFileReference</string>
			<key>lastKnownFileType</key>
			<string>wrapper.framework</string>
			<key>name</key>
			<string>Foundation.framework</string>
			<key>path</key>
			<string>System/Library/Frameworks/Foundation.framework</string>
			<key>sourceTree</key>
			<string>SDKROOT</string>
		</dict>
		<key>654A3978177645A700D0F06D</key>
		<dict>
			<key>fileRef</key>
			<string>654A3977177645A700D0F06D</string>
			<key>isa</key>
			<string>PBXBuildFile</string>
		</dict>
		<key>654A3979177645A700D0F06D</key>
		<dict>
			<key>isa</key>
			<string>PBXFileReference</string>
			<key>lastKnownFileType</key>
			<string>wrapper.framework</string>
			<key>name</key>
			<string>CoreGraphics.framework</string>
			<key>path</key>
			<string>System/Library/Frameworks/CoreGraphics.framework</string>
			<key>sourceTree</key>
			<string>SDKROOT</string>
		</dict>
		<key>654A397A177645A700D0F06D</key>
		<dict>
			<key>fileRef</key>
			<string>654A3979177645A700D0F06D</string>
			<key>isa</key>
			<string>PBXBuildFile</string>
		</dict>
		<key>654A397B177645A700D0F06D</key>
		<dict>
			<key>children</key>
			<array>
				<string>654A3984177645A700D0F06D</string>
				<string>654A3985177645A700D0F06D</string>
				<string>65DAD5D017778CDD0011D95E</string>
				<string>654A397C177645A700D0F06D</string>
				<string>65DAD5CF17778CBC0011D95E</string>
				<string>65DAD5CE17778CAF0011D95E</string>
			</array>
			<key>isa</key>
			<string>PBXGroup</string>
			<key>path</key>
			<string>Differenziata</string>
			<key>sourceTree</key>
			<string>&lt;group&gt;</string>
		</dict>
		<key>654A397C177645A700D0F06D</key>
		<dict>
			<key>children</key>
			<array>
				<string>6505EBAA177B4416002D7428</string>
				<string>654A397D177645A700D0F06D</string>
				<string>654A397E177645A700D0F06D</string>
				<string>654A3981177645A700D0F06D</string>
				<string>654A3983177645A700D0F06D</string>
				<string>654A3987177645A700D0F06D</string>
				<string>654A3989177645A800D0F06D</string>
				<string>654A398B177645A800D0F06D</string>
			</array>
			<key>isa</key>
			<string>PBXGroup</string>
			<key>name</key>
			<string>Supporting Files</string>
			<key>sourceTree</key>
			<string>&lt;group&gt;</string>
		</dict>
		<key>654A397D177645A700D0F06D</key>
		<dict>
			<key>isa</key>
			<string>PBXFileReference</string>
			<key>lastKnownFileType</key>
			<string>text.plist.xml</string>
			<key>path</key>
			<string>Differenziata-Info.plist</string>
			<key>sourceTree</key>
			<string>&lt;group&gt;</string>
		</dict>
		<key>654A397E177645A700D0F06D</key>
		<dict>
			<key>children</key>
			<array>
				<string>654A397F177645A700D0F06D</string>
			</array>
			<key>isa</key>
			<string>PBXVariantGroup</string>
			<key>name</key>
			<string>InfoPlist.strings</string>
			<key>sourceTree</key>
			<string>&lt;group&gt;</string>
		</dict>
		<key>654A397F177645A700D0F06D</key>
		<dict>
			<key>isa</key>
			<string>PBXFileReference</string>
			<key>lastKnownFileType</key>
			<string>text.plist.strings</string>
			<key>name</key>
			<string>en</string>
			<key>path</key>
			<string>en.lproj/InfoPlist.strings</string>
			<key>sourceTree</key>
			<string>&lt;group&gt;</string>
		</dict>
		<key>654A3980177645A700D0F06D</key>
		<dict>
			<key>fileRef</key>
			<string>654A397E177645A700D0F06D</string>
			<key>isa</key>
			<string>PBXBuildFile</string>
		</dict>
		<key>654A3981177645A700D0F06D</key>
		<dict>
			<key>isa</key>
			<string>PBXFileReference</string>
			<key>lastKnownFileType</key>
			<string>sourcecode.c.objc</string>
			<key>path</key>
			<string>main.m</string>
			<key>sourceTree</key>
			<string>&lt;group&gt;</string>
		</dict>
		<key>654A3982177645A700D0F06D</key>
		<dict>
			<key>fileRef</key>
			<string>654A3981177645A700D0F06D</string>
			<key>isa</key>
			<string>PBXBuildFile</string>
		</dict>
		<key>654A3983177645A700D0F06D</key>
		<dict>
			<key>isa</key>
			<string>PBXFileReference</string>
			<key>lastKnownFileType</key>
			<string>sourcecode.c.h</string>
			<key>path</key>
			<string>Differenziata-Prefix.pch</string>
			<key>sourceTree</key>
			<string>&lt;group&gt;</string>
		</dict>
		<key>654A3984177645A700D0F06D</key>
		<dict>
			<key>isa</key>
			<string>PBXFileReference</string>
			<key>lastKnownFileType</key>
			<string>sourcecode.c.h</string>
			<key>path</key>
			<string>AFAppDelegate.h</string>
			<key>sourceTree</key>
			<string>&lt;group&gt;</string>
		</dict>
		<key>654A3985177645A700D0F06D</key>
		<dict>
			<key>isa</key>
			<string>PBXFileReference</string>
			<key>lastKnownFileType</key>
			<string>sourcecode.c.objc</string>
			<key>path</key>
			<string>AFAppDelegate.m</string>
			<key>sourceTree</key>
			<string>&lt;group&gt;</string>
		</dict>
		<key>654A3986177645A700D0F06D</key>
		<dict>
			<key>fileRef</key>
			<string>654A3985177645A700D0F06D</string>
			<key>isa</key>
			<string>PBXBuildFile</string>
		</dict>
		<key>654A3987177645A700D0F06D</key>
		<dict>
			<key>isa</key>
			<string>PBXFileReference</string>
			<key>lastKnownFileType</key>
			<string>image.png</string>
			<key>path</key>
			<string>Default.png</string>
			<key>sourceTree</key>
			<string>&lt;group&gt;</string>
		</dict>
		<key>654A3988177645A800D0F06D</key>
		<dict>
			<key>fileRef</key>
			<string>654A3987177645A700D0F06D</string>
			<key>isa</key>
			<string>PBXBuildFile</string>
		</dict>
		<key>654A3989177645A800D0F06D</key>
		<dict>
			<key>isa</key>
			<string>PBXFileReference</string>
			<key>lastKnownFileType</key>
			<string>image.png</string>
			<key>path</key>
			<string>Default@2x.png</string>
			<key>sourceTree</key>
			<string>&lt;group&gt;</string>
		</dict>
		<key>654A398A177645A800D0F06D</key>
		<dict>
			<key>fileRef</key>
			<string>654A3989177645A800D0F06D</string>
			<key>isa</key>
			<string>PBXBuildFile</string>
		</dict>
		<key>654A398B177645A800D0F06D</key>
		<dict>
			<key>isa</key>
			<string>PBXFileReference</string>
			<key>lastKnownFileType</key>
			<string>image.png</string>
			<key>path</key>
			<string>Default-568h@2x.png</string>
			<key>sourceTree</key>
			<string>&lt;group&gt;</string>
		</dict>
		<key>654A398C177645A800D0F06D</key>
		<dict>
			<key>fileRef</key>
			<string>654A398B177645A800D0F06D</string>
			<key>isa</key>
			<string>PBXBuildFile</string>
		</dict>
		<key>654A398D177645A800D0F06D</key>
		<dict>
			<key>isa</key>
			<string>PBXFileReference</string>
			<key>lastKnownFileType</key>
			<string>sourcecode.c.h</string>
			<key>path</key>
			<string>AFViewController.h</string>
			<key>sourceTree</key>
			<string>&lt;group&gt;</string>
		</dict>
		<key>654A398E177645A800D0F06D</key>
		<dict>
			<key>isa</key>
			<string>PBXFileReference</string>
			<key>lastKnownFileType</key>
			<string>sourcecode.c.objc</string>
			<key>path</key>
			<string>AFViewController.m</string>
			<key>sourceTree</key>
			<string>&lt;group&gt;</string>
		</dict>
		<key>654A398F177645A800D0F06D</key>
		<dict>
			<key>fileRef</key>
			<string>654A398E177645A800D0F06D</string>
			<key>isa</key>
			<string>PBXBuildFile</string>
		</dict>
		<key>654A3990177645A800D0F06D</key>
		<dict>
			<key>children</key>
			<array>
				<string>654A3991177645A800D0F06D</string>
			</array>
			<key>isa</key>
			<string>PBXVariantGroup</string>
			<key>name</key>
			<string>AFViewController.xib</string>
			<key>sourceTree</key>
			<string>&lt;group&gt;</string>
		</dict>
		<key>654A3991177645A800D0F06D</key>
		<dict>
			<key>isa</key>
			<string>PBXFileReference</string>
			<key>lastKnownFileType</key>
			<string>file.xib</string>
			<key>name</key>
			<string>en</string>
			<key>path</key>
			<string>en.lproj/AFViewController.xib</string>
			<key>sourceTree</key>
			<string>&lt;group&gt;</string>
		</dict>
		<key>654A3992177645A800D0F06D</key>
		<dict>
			<key>fileRef</key>
			<string>654A3990177645A800D0F06D</string>
			<key>isa</key>
			<string>PBXBuildFile</string>
		</dict>
		<key>654A3993177645A800D0F06D</key>
		<dict>
			<key>buildActionMask</key>
			<string>2147483647</string>
			<key>files</key>
			<array>
				<string>65CB4CD317764D68003C8D42</string>
				<string>654A39A7177645A800D0F06D</string>
			</array>
			<key>isa</key>
			<string>PBXSourcesBuildPhase</string>
			<key>runOnlyForDeploymentPostprocessing</key>
			<string>0</string>
		</dict>
		<key>654A3994177645A800D0F06D</key>
		<dict>
			<key>buildActionMask</key>
			<string>2147483647</string>
			<key>files</key>
			<array>
				<string>654A399A177645A800D0F06D</string>
				<string>654A399B177645A800D0F06D</string>
				<string>654A399C177645A800D0F06D</string>
			</array>
			<key>isa</key>
			<string>PBXFrameworksBuildPhase</string>
			<key>runOnlyForDeploymentPostprocessing</key>
			<string>0</string>
		</dict>
		<key>654A3995177645A800D0F06D</key>
		<dict>
			<key>buildActionMask</key>
			<string>2147483647</string>
			<key>files</key>
			<array>
				<string>654A39A4177645A800D0F06D</string>
			</array>
			<key>isa</key>
			<string>PBXResourcesBuildPhase</string>
			<key>runOnlyForDeploymentPostprocessing</key>
			<string>0</string>
		</dict>
		<key>654A3996177645A800D0F06D</key>
		<dict>
			<key>buildActionMask</key>
			<string>2147483647</string>
			<key>files</key>
			<array/>
			<key>inputPaths</key>
			<array/>
			<key>isa</key>
			<string>PBXShellScriptBuildPhase</string>
			<key>outputPaths</key>
			<array/>
			<key>runOnlyForDeploymentPostprocessing</key>
			<string>0</string>
			<key>shellPath</key>
			<string>/bin/sh</string>
			<key>shellScript</key>
			<string># Run the unit tests in this test bundle.
"${SYSTEM_DEVELOPER_DIR}/Tools/RunUnitTests"
</string>
		</dict>
		<key>654A3997177645A800D0F06D</key>
		<dict>
			<key>buildConfigurationList</key>
			<string>654A39AD177645A800D0F06D</string>
			<key>buildPhases</key>
			<array>
				<string>654A3993177645A800D0F06D</string>
				<string>654A3994177645A800D0F06D</string>
				<string>654A3995177645A800D0F06D</string>
				<string>654A3996177645A800D0F06D</string>
			</array>
			<key>buildRules</key>
			<array/>
			<key>dependencies</key>
			<array>
				<string>654A399E177645A800D0F06D</string>
			</array>
			<key>isa</key>
			<string>PBXNativeTarget</string>
			<key>name</key>
			<string>DifferenziataTests</string>
			<key>productName</key>
			<string>DifferenziataTests</string>
			<key>productReference</key>
			<string>654A3998177645A800D0F06D</string>
			<key>productType</key>
			<string>com.apple.product-type.bundle</string>
		</dict>
		<key>654A3998177645A800D0F06D</key>
		<dict>
			<key>explicitFileType</key>
			<string>wrapper.cfbundle</string>
			<key>includeInIndex</key>
			<string>0</string>
			<key>isa</key>
			<string>PBXFileReference</string>
			<key>path</key>
			<string>DifferenziataTests.octest</string>
			<key>sourceTree</key>
			<string>BUILT_PRODUCTS_DIR</string>
		</dict>
		<key>654A3999177645A800D0F06D</key>
		<dict>
			<key>isa</key>
			<string>PBXFileReference</string>
			<key>lastKnownFileType</key>
			<string>wrapper.framework</string>
			<key>name</key>
			<string>SenTestingKit.framework</string>
			<key>path</key>
			<string>Library/Frameworks/SenTestingKit.framework</string>
			<key>sourceTree</key>
			<string>DEVELOPER_DIR</string>
		</dict>
		<key>654A399A177645A800D0F06D</key>
		<dict>
			<key>fileRef</key>
			<string>654A3999177645A800D0F06D</string>
			<key>isa</key>
			<string>PBXBuildFile</string>
		</dict>
		<key>654A399B177645A800D0F06D</key>
		<dict>
			<key>fileRef</key>
			<string>654A3975177645A700D0F06D</string>
			<key>isa</key>
			<string>PBXBuildFile</string>
		</dict>
		<key>654A399C177645A800D0F06D</key>
		<dict>
			<key>fileRef</key>
			<string>654A3977177645A700D0F06D</string>
			<key>isa</key>
			<string>PBXBuildFile</string>
		</dict>
		<key>654A399D177645A800D0F06D</key>
		<dict>
			<key>containerPortal</key>
			<string>654A396A177645A700D0F06D</string>
			<key>isa</key>
			<string>PBXContainerItemProxy</string>
			<key>proxyType</key>
			<string>1</string>
			<key>remoteGlobalIDString</key>
			<string>654A3971177645A700D0F06D</string>
			<key>remoteInfo</key>
			<string>Differenziata</string>
		</dict>
		<key>654A399E177645A800D0F06D</key>
		<dict>
			<key>isa</key>
			<string>PBXTargetDependency</string>
			<key>target</key>
			<string>654A3971177645A700D0F06D</string>
			<key>targetProxy</key>
			<string>654A399D177645A800D0F06D</string>
		</dict>
		<key>654A399F177645A800D0F06D</key>
		<dict>
			<key>children</key>
			<array>
				<string>654A39A5177645A800D0F06D</string>
				<string>654A39A6177645A800D0F06D</string>
				<string>654A39A0177645A800D0F06D</string>
			</array>
			<key>isa</key>
			<string>PBXGroup</string>
			<key>path</key>
			<string>DifferenziataTests</string>
			<key>sourceTree</key>
			<string>&lt;group&gt;</string>
		</dict>
		<key>654A39A0177645A800D0F06D</key>
		<dict>
			<key>children</key>
			<array>
				<string>654A39A1177645A800D0F06D</string>
				<string>654A39A2177645A800D0F06D</string>
			</array>
			<key>isa</key>
			<string>PBXGroup</string>
			<key>name</key>
			<string>Supporting Files</string>
			<key>sourceTree</key>
			<string>&lt;group&gt;</string>
		</dict>
		<key>654A39A1177645A800D0F06D</key>
		<dict>
			<key>isa</key>
			<string>PBXFileReference</string>
			<key>lastKnownFileType</key>
			<string>text.plist.xml</string>
			<key>path</key>
			<string>DifferenziataTests-Info.plist</string>
			<key>sourceTree</key>
			<string>&lt;group&gt;</string>
		</dict>
		<key>654A39A2177645A800D0F06D</key>
		<dict>
			<key>children</key>
			<array>
				<string>654A39A3177645A800D0F06D</string>
			</array>
			<key>isa</key>
			<string>PBXVariantGroup</string>
			<key>name</key>
			<string>InfoPlist.strings</string>
			<key>sourceTree</key>
			<string>&lt;group&gt;</string>
		</dict>
		<key>654A39A3177645A800D0F06D</key>
		<dict>
			<key>isa</key>
			<string>PBXFileReference</string>
			<key>lastKnownFileType</key>
			<string>text.plist.strings</string>
			<key>name</key>
			<string>en</string>
			<key>path</key>
			<string>en.lproj/InfoPlist.strings</string>
			<key>sourceTree</key>
			<string>&lt;group&gt;</string>
		</dict>
		<key>654A39A4177645A800D0F06D</key>
		<dict>
			<key>fileRef</key>
			<string>654A39A2177645A800D0F06D</string>
			<key>isa</key>
			<string>PBXBuildFile</string>
		</dict>
		<key>654A39A5177645A800D0F06D</key>
		<dict>
			<key>isa</key>
			<string>PBXFileReference</string>
			<key>lastKnownFileType</key>
			<string>sourcecode.c.h</string>
			<key>path</key>
			<string>DifferenziataTests.h</string>
			<key>sourceTree</key>
			<string>&lt;group&gt;</string>
		</dict>
		<key>654A39A6177645A800D0F06D</key>
		<dict>
			<key>isa</key>
			<string>PBXFileReference</string>
			<key>lastKnownFileType</key>
			<string>sourcecode.c.objc</string>
			<key>path</key>
			<string>DifferenziataTests.m</string>
			<key>sourceTree</key>
			<string>&lt;group&gt;</string>
		</dict>
		<key>654A39A7177645A800D0F06D</key>
		<dict>
			<key>fileRef</key>
			<string>654A39A6177645A800D0F06D</string>
			<key>isa</key>
			<string>PBXBuildFile</string>
		</dict>
		<key>654A39A8177645A800D0F06D</key>
		<dict>
			<key>buildSettings</key>
			<dict>
				<key>ALWAYS_SEARCH_USER_PATHS</key>
				<string>NO</string>
				<key>CLANG_CXX_LANGUAGE_STANDARD</key>
				<string>gnu++0x</string>
				<key>CLANG_CXX_LIBRARY</key>
				<string>libc++</string>
				<key>CLANG_ENABLE_OBJC_ARC</key>
				<string>YES</string>
				<key>CLANG_WARN_CONSTANT_CONVERSION</key>
				<string>YES</string>
				<key>CLANG_WARN_EMPTY_BODY</key>
				<string>YES</string>
				<key>CLANG_WARN_ENUM_CONVERSION</key>
				<string>YES</string>
				<key>CLANG_WARN_INT_CONVERSION</key>
				<string>YES</string>
				<key>CLANG_WARN__DUPLICATE_METHOD_MATCH</key>
				<string>YES</string>
				<key>CODE_SIGN_IDENTITY[sdk=iphoneos*]</key>
				<string>iPhone Developer</string>
				<key>COPY_PHASE_STRIP</key>
				<string>NO</string>
				<key>GCC_C_LANGUAGE_STANDARD</key>
				<string>gnu99</string>
				<key>GCC_DYNAMIC_NO_PIC</key>
				<string>NO</string>
				<key>GCC_OPTIMIZATION_LEVEL</key>
				<string>0</string>
				<key>GCC_PREPROCESSOR_DEFINITIONS</key>
				<array>
					<string>DEBUG=1</string>
					<string>$(inherited)</string>
				</array>
				<key>GCC_SYMBOLS_PRIVATE_EXTERN</key>
				<string>NO</string>
				<key>GCC_WARN_ABOUT_RETURN_TYPE</key>
				<string>YES</string>
				<key>GCC_WARN_UNINITIALIZED_AUTOS</key>
				<string>YES</string>
				<key>GCC_WARN_UNUSED_VARIABLE</key>
				<string>YES</string>
				<key>IPHONEOS_DEPLOYMENT_TARGET</key>
				<string>6.1</string>
				<key>ONLY_ACTIVE_ARCH</key>
				<string>YES</string>
				<key>SDKROOT</key>
				<string>iphoneos</string>
			</dict>
			<key>isa</key>
			<string>XCBuildConfiguration</string>
			<key>name</key>
			<string>Debug</string>
		</dict>
		<key>654A39A9177645A800D0F06D</key>
		<dict>
			<key>buildSettings</key>
			<dict>
				<key>ALWAYS_SEARCH_USER_PATHS</key>
				<string>NO</string>
				<key>CLANG_CXX_LANGUAGE_STANDARD</key>
				<string>gnu++0x</string>
				<key>CLANG_CXX_LIBRARY</key>
				<string>libc++</string>
				<key>CLANG_ENABLE_OBJC_ARC</key>
				<string>YES</string>
				<key>CLANG_WARN_CONSTANT_CONVERSION</key>
				<string>YES</string>
				<key>CLANG_WARN_EMPTY_BODY</key>
				<string>YES</string>
				<key>CLANG_WARN_ENUM_CONVERSION</key>
				<string>YES</string>
				<key>CLANG_WARN_INT_CONVERSION</key>
				<string>YES</string>
				<key>CLANG_WARN__DUPLICATE_METHOD_MATCH</key>
				<string>YES</string>
				<key>CODE_SIGN_IDENTITY[sdk=iphoneos*]</key>
				<string>iPhone Developer</string>
				<key>COPY_PHASE_STRIP</key>
				<string>YES</string>
				<key>GCC_C_LANGUAGE_STANDARD</key>
				<string>gnu99</string>
				<key>GCC_WARN_ABOUT_RETURN_TYPE</key>
				<string>YES</string>
				<key>GCC_WARN_UNINITIALIZED_AUTOS</key>
				<string>YES</string>
				<key>GCC_WARN_UNUSED_VARIABLE</key>
				<string>YES</string>
				<key>IPHONEOS_DEPLOYMENT_TARGET</key>
				<string>6.1</string>
				<key>OTHER_CFLAGS</key>
				<string>-DNS_BLOCK_ASSERTIONS=1</string>
				<key>SDKROOT</key>
				<string>iphoneos</string>
				<key>VALIDATE_PRODUCT</key>
				<string>YES</string>
			</dict>
			<key>isa</key>
			<string>XCBuildConfiguration</string>
			<key>name</key>
			<string>Release</string>
		</dict>
		<key>654A39AA177645A800D0F06D</key>
		<dict>
			<key>buildConfigurations</key>
			<array>
				<string>654A39AB177645A800D0F06D</string>
				<string>654A39AC177645A800D0F06D</string>
			</array>
			<key>defaultConfigurationIsVisible</key>
			<string>0</string>
			<key>defaultConfigurationName</key>
			<string>Release</string>
			<key>isa</key>
			<string>XCConfigurationList</string>
		</dict>
		<key>654A39AB177645A800D0F06D</key>
		<dict>
			<key>baseConfigurationReference</key>
			<string>8B542C4968A54FDCB492DFA2</string>
			<key>buildSettings</key>
			<dict>
				<key>GCC_PRECOMPILE_PREFIX_HEADER</key>
				<string>YES</string>
				<key>GCC_PREFIX_HEADER</key>
				<string>Differenziata/Differenziata-Prefix.pch</string>
				<key>INFOPLIST_FILE</key>
				<string>Differenziata/Differenziata-Info.plist</string>
				<key>PRODUCT_NAME</key>
				<string>$(TARGET_NAME)</string>
				<key>WRAPPER_EXTENSION</key>
				<string>app</string>
			</dict>
			<key>isa</key>
			<string>XCBuildConfiguration</string>
			<key>name</key>
			<string>Debug</string>
		</dict>
		<key>654A39AC177645A800D0F06D</key>
		<dict>
			<key>baseConfigurationReference</key>
			<string>8B542C4968A54FDCB492DFA2</string>
			<key>buildSettings</key>
			<dict>
				<key>GCC_PRECOMPILE_PREFIX_HEADER</key>
				<string>YES</string>
				<key>GCC_PREFIX_HEADER</key>
				<string>Differenziata/Differenziata-Prefix.pch</string>
				<key>INFOPLIST_FILE</key>
				<string>Differenziata/Differenziata-Info.plist</string>
				<key>PRODUCT_NAME</key>
				<string>$(TARGET_NAME)</string>
				<key>WRAPPER_EXTENSION</key>
				<string>app</string>
			</dict>
			<key>isa</key>
			<string>XCBuildConfiguration</string>
			<key>name</key>
			<string>Release</string>
		</dict>
		<key>654A39AD177645A800D0F06D</key>
		<dict>
			<key>buildConfigurations</key>
			<array>
				<string>654A39AE177645A800D0F06D</string>
				<string>654A39AF177645A800D0F06D</string>
			</array>
			<key>defaultConfigurationIsVisible</key>
			<string>0</string>
			<key>defaultConfigurationName</key>
			<string>Release</string>
			<key>isa</key>
			<string>XCConfigurationList</string>
		</dict>
		<key>654A39AE177645A800D0F06D</key>
		<dict>
			<key>buildSettings</key>
			<dict>
				<key>BUNDLE_LOADER</key>
				<string>$(BUILT_PRODUCTS_DIR)/Differenziata.app/Differenziata</string>
				<key>FRAMEWORK_SEARCH_PATHS</key>
				<array>
					<string>"$(SDKROOT)/Developer/Library/Frameworks"</string>
					<string>"$(DEVELOPER_LIBRARY_DIR)/Frameworks"</string>
				</array>
				<key>GCC_PRECOMPILE_PREFIX_HEADER</key>
				<string>YES</string>
				<key>GCC_PREFIX_HEADER</key>
				<string>Differenziata/Differenziata-Prefix.pch</string>
				<key>INFOPLIST_FILE</key>
				<string>DifferenziataTests/DifferenziataTests-Info.plist</string>
				<key>PRODUCT_NAME</key>
				<string>$(TARGET_NAME)</string>
				<key>TEST_HOST</key>
				<string>$(BUNDLE_LOADER)</string>
				<key>WRAPPER_EXTENSION</key>
				<string>octest</string>
			</dict>
			<key>isa</key>
			<string>XCBuildConfiguration</string>
			<key>name</key>
			<string>Debug</string>
		</dict>
		<key>654A39AF177645A800D0F06D</key>
		<dict>
			<key>buildSettings</key>
			<dict>
				<key>BUNDLE_LOADER</key>
				<string>$(BUILT_PRODUCTS_DIR)/Differenziata.app/Differenziata</string>
				<key>FRAMEWORK_SEARCH_PATHS</key>
				<array>
					<string>"$(SDKROOT)/Developer/Library/Frameworks"</string>
					<string>"$(DEVELOPER_LIBRARY_DIR)/Frameworks"</string>
				</array>
				<key>GCC_PRECOMPILE_PREFIX_HEADER</key>
				<string>YES</string>
				<key>GCC_PREFIX_HEADER</key>
				<string>Differenziata/Differenziata-Prefix.pch</string>
				<key>INFOPLIST_FILE</key>
				<string>DifferenziataTests/DifferenziataTests-Info.plist</string>
				<key>PRODUCT_NAME</key>
				<string>$(TARGET_NAME)</string>
				<key>TEST_HOST</key>
				<string>$(BUNDLE_LOADER)</string>
				<key>WRAPPER_EXTENSION</key>
				<string>octest</string>
			</dict>
			<key>isa</key>
			<string>XCBuildConfiguration</string>
			<key>name</key>
			<string>Release</string>
		</dict>
		<key>654A39B1177645F400D0F06D</key>
		<dict>
			<key>fileEncoding</key>
			<string>4</string>
			<key>isa</key>
			<string>PBXFileReference</string>
			<key>lastKnownFileType</key>
			<string>text</string>
			<key>name</key>
			<string>TODO.txt</string>
			<key>path</key>
			<string>Differenziata/TODO.txt</string>
			<key>sourceTree</key>
			<string>&lt;group&gt;</string>
		</dict>
		<key>654A39B3177645F400D0F06D</key>
		<dict>
			<key>fileRef</key>
			<string>654A39B1177645F400D0F06D</string>
			<key>isa</key>
			<string>PBXBuildFile</string>
		</dict>
		<key>65CB4CD117764B48003C8D42</key>
		<dict>
			<key>isa</key>
			<string>PBXFileReference</string>
			<key>lastKnownFileType</key>
			<string>sourcecode.c.h</string>
			<key>path</key>
			<string>DDFileReader.h</string>
			<key>sourceTree</key>
			<string>&lt;group&gt;</string>
		</dict>
		<key>65CB4CD217764B48003C8D42</key>
		<dict>
			<key>isa</key>
			<string>PBXFileReference</string>
			<key>lastKnownFileType</key>
			<string>sourcecode.c.objc</string>
			<key>path</key>
			<string>DDFileReader.m</string>
			<key>sourceTree</key>
			<string>&lt;group&gt;</string>
		</dict>
		<key>65CB4CD317764D68003C8D42</key>
		<dict>
			<key>fileRef</key>
			<string>65CB4CD217764B48003C8D42</string>
			<key>isa</key>
			<string>PBXBuildFile</string>
		</dict>
		<key>65CB4CD417764DE2003C8D42</key>
		<dict>
			<key>fileRef</key>
			<string>65CB4CD217764B48003C8D42</string>
			<key>isa</key>
			<string>PBXBuildFile</string>
		</dict>
		<key>65DAD5CB17778C840011D95E</key>
		<dict>
			<key>fileEncoding</key>
			<string>4</string>
			<key>isa</key>
			<string>PBXFileReference</string>
			<key>lastKnownFileType</key>
			<string>sourcecode.c.h</string>
			<key>path</key>
			<string>AFDayCell.h</string>
			<key>sourceTree</key>
			<string>&lt;group&gt;</string>
		</dict>
		<key>65DAD5CC17778C840011D95E</key>
		<dict>
			<key>fileEncoding</key>
			<string>4</string>
			<key>isa</key>
			<string>PBXFileReference</string>
			<key>lastKnownFileType</key>
			<string>sourcecode.c.objc</string>
			<key>path</key>
			<string>AFDayCell.m</string>
			<key>sourceTree</key>
			<string>&lt;group&gt;</string>
		</dict>
		<key>65DAD5CD17778C840011D95E</key>
		<dict>
			<key>fileRef</key>
			<string>65DAD5CC17778C840011D95E</string>
			<key>isa</key>
			<string>PBXBuildFile</string>
		</dict>
		<key>65DAD5CE17778CAF0011D95E</key>
		<dict>
			<key>children</key>
			<array>
				<string>650DCACA177708020004C4DE</string>
				<string>650DCACB177708020004C4DE</string>
				<string>650DCACD177742C00004C4DE</string>
				<string>650DCACE177742C00004C4DE</string>
				<string>6505EBAC177C5F3A002D7428</string>
				<string>6505EBAD177C5F3A002D7428</string>
			</array>
			<key>isa</key>
			<string>PBXGroup</string>
			<key>name</key>
			<string>logic</string>
			<key>sourceTree</key>
			<string>&lt;group&gt;</string>
		</dict>
		<key>65DAD5CF17778CBC0011D95E</key>
		<dict>
			<key>children</key>
			<array>
				<string>65CB4CD117764B48003C8D42</string>
				<string>65CB4CD217764B48003C8D42</string>
			</array>
			<key>isa</key>
			<string>PBXGroup</string>
			<key>name</key>
			<string>lib</string>
			<key>sourceTree</key>
			<string>&lt;group&gt;</string>
		</dict>
		<key>65DAD5D017778CDD0011D95E</key>
		<dict>
			<key>children</key>
			<array>
				<string>654A398D177645A800D0F06D</string>
				<string>654A398E177645A800D0F06D</string>
				<string>654A3990177645A800D0F06D</string>
				<string>65DAD5CB17778C840011D95E</string>
				<string>65DAD5CC17778C840011D95E</string>
				<string>65DAD5D11777902D0011D95E</string>
			</array>
			<key>isa</key>
			<string>PBXGroup</string>
			<key>name</key>
			<string>ui</string>
			<key>sourceTree</key>
			<string>&lt;group&gt;</string>
		</dict>
		<key>65DAD5D11777902D0011D95E</key>
		<dict>
			<key>fileEncoding</key>
			<string>4</string>
			<key>isa</key>
			<string>PBXFileReference</string>
			<key>lastKnownFileType</key>
			<string>file.xib</string>
			<key>path</key>
			<string>AFDayCell.xib</string>
			<key>sourceTree</key>
			<string>&lt;group&gt;</string>
		</dict>
		<key>65DAD5D21777902D0011D95E</key>
		<dict>
			<key>fileRef</key>
			<string>65DAD5D11777902D0011D95E</string>
			<key>isa</key>
			<string>PBXBuildFile</string>
		</dict>
		<key>8B542C4968A54FDCB492DFA2</key>
		<dict>
			<key>includeInIndex</key>
			<string>1</string>
			<key>isa</key>
			<string>PBXFileReference</string>
			<key>lastKnownFileType</key>
			<string>text.xcconfig</string>
			<key>name</key>
			<string>Pods.xcconfig</string>
			<key>path</key>
			<string>Pods/Pods.xcconfig</string>
			<key>sourceTree</key>
			<string>SOURCE_ROOT</string>
		</dict>
		<key>C892C48969244AA4B0F4CDA0</key>
		<dict>
			<key>explicitFileType</key>
			<string>archive.ar</string>
			<key>includeInIndex</key>
			<string>0</string>
			<key>isa</key>
			<string>PBXFileReference</string>
			<key>name</key>
			<string>libPods.a</string>
			<key>path</key>
			<string>libPods.a</string>
			<key>sourceTree</key>
			<string>BUILT_PRODUCTS_DIR</string>
		</dict>
	</dict>
	<key>rootObject</key>
	<string>654A396A177645A700D0F06D</string>
</dict>
</plist>
